
Microsoft Visual Studio Solution File, Format Version 12.00
# Visual Studio Version 16
VisualStudioVersion = 16.0.31515.178
MinimumVisualStudioVersion = 10.0.40219.1
Project("{FAE04EC0-301F-11D3-BF4B-00C04F79EFBC}") = "AddressBook", "AddressBook\AddressBook.csproj", "{28691A82-FAED-4757-818E-27C563AA6B05}"
EndProject
Global
	GlobalSection(SolutionConfigurationPlatforms) = preSolution
		Debug|Any CPU = Debug|Any CPU
		Release|Any CPU = Release|Any CPU
	EndGlobalSection
	GlobalSection(ProjectConfigurationPlatforms) = postSolution
		{28691A82-FAED-4757-818E-27C563AA6B05}.Debug|Any CPU.ActiveCfg = Debug|Any CPU
		{28691A82-FAED-4757-818E-27C563AA6B05}.Debug|Any CPU.Build.0 = Debug|Any CPU
		{28691A82-FAED-4757-818E-27C563AA6B05}.Release|Any CPU.ActiveCfg = Release|Any CPU
		{28691A82-FAED-4757-818E-27C563AA6B05}.Release|Any CPU.Build.0 = Release|Any CPU
	EndGlobalSection
	GlobalSection(SolutionProperties) = preSolution
		HideSolutionNode = FALSE
	EndGlobalSection
	GlobalSection(ExtensibilityGlobals) = postSolution
		SolutionGuid = {F6894A0C-7C3D-4A60-8571-E24EBD9D0F19}
	EndGlobalSection
EndGlobal
